
Microsoft Visual Studio Solution File, Format Version 12.00
# Visual Studio Version 17
VisualStudioVersion = 17.3.32929.385
MinimumVisualStudioVersion = 10.0.40219.1
Project("{FAE04EC0-301F-11D3-BF4B-00C04F79EFBC}") = "CuentaBancaria", "CuentaBancaria\CuentaBancaria.csproj", "{2EF6A386-F417-4318-8689-FCE9CC28AC2E}"
EndProject
Project("{FAE04EC0-301F-11D3-BF4B-00C04F79EFBC}") = "MostrarResultados", "MostrarResultados\MostrarResultados.csproj", "{D710C1F3-F04B-4250-B414-4DD5DA07E6E5}"
EndProject
Global
	GlobalSection(SolutionConfigurationPlatforms) = preSolution
		Debug|Any CPU = Debug|Any CPU
		Release|Any CPU = Release|Any CPU
	EndGlobalSection
	GlobalSection(ProjectConfigurationPlatforms) = postSolution
		{2EF6A386-F417-4318-8689-FCE9CC28AC2E}.Debug|Any CPU.ActiveCfg = Debug|Any CPU
		{2EF6A386-F417-4318-8689-FCE9CC28AC2E}.Debug|Any CPU.Build.0 = Debug|Any CPU
		{2EF6A386-F417-4318-8689-FCE9CC28AC2E}.Release|Any CPU.ActiveCfg = Release|Any CPU
		{2EF6A386-F417-4318-8689-FCE9CC28AC2E}.Release|Any CPU.Build.0 = Release|Any CPU
		{D710C1F3-F04B-4250-B414-4DD5DA07E6E5}.Debug|Any CPU.ActiveCfg = Debug|Any CPU
		{D710C1F3-F04B-4250-B414-4DD5DA07E6E5}.Debug|Any CPU.Build.0 = Debug|Any CPU
		{D710C1F3-F04B-4250-B414-4DD5DA07E6E5}.Release|Any CPU.ActiveCfg = Release|Any CPU
		{D710C1F3-F04B-4250-B414-4DD5DA07E6E5}.Release|Any CPU.Build.0 = Release|Any CPU
	EndGlobalSection
	GlobalSection(SolutionProperties) = preSolution
		HideSolutionNode = FALSE
	EndGlobalSection
	GlobalSection(ExtensibilityGlobals) = postSolution
		SolutionGuid = {DC319129-A955-444F-BAD7-D896F4B90F35}
	EndGlobalSection
EndGlobal
